
Microsoft Visual Studio Solution File, Format Version 12.00
# Visual Studio Version 17
VisualStudioVersion = 17.14.36301.6 d17.14
MinimumVisualStudioVersion = 10.0.40219.1
Project("{FAE04EC0-301F-11D3-BF4B-00C04F79EFBC}") = "SystemAdmissionManagement", "SystemAdmissionManagement\SystemAdmissionManagement.csproj", "{B7681B28-8229-437A-99BC-EFD0C652F681}"
EndProject
Project("{FAE04EC0-301F-11D3-BF4B-00C04F79EFBC}") = "StudentAttendanceManagement", "StudentAttendanceManagement\StudentAttendanceManagement.csproj", "{DD5429CC-E07A-41AD-817D-B3F43A97F0DE}"
EndProject
Project("{FAE04EC0-301F-11D3-BF4B-00C04F79EFBC}") = "SchoolAPIGateway", "SchoolAPIGateway\SchoolAPIGateway.csproj", "{37FEBCAF-2A68-4148-BAE7-3EF2967AD990}"
EndProject
Global
	GlobalSection(SolutionConfigurationPlatforms) = preSolution
		Debug|Any CPU = Debug|Any CPU
		Release|Any CPU = Release|Any CPU
	EndGlobalSection
	GlobalSection(ProjectConfigurationPlatforms) = postSolution
		{B7681B28-8229-437A-99BC-EFD0C652F681}.Debug|Any CPU.ActiveCfg = Debug|Any CPU
		{B7681B28-8229-437A-99BC-EFD0C652F681}.Debug|Any CPU.Build.0 = Debug|Any CPU
		{B7681B28-8229-437A-99BC-EFD0C652F681}.Release|Any CPU.ActiveCfg = Release|Any CPU
		{B7681B28-8229-437A-99BC-EFD0C652F681}.Release|Any CPU.Build.0 = Release|Any CPU
		{DD5429CC-E07A-41AD-817D-B3F43A97F0DE}.Debug|Any CPU.ActiveCfg = Debug|Any CPU
		{DD5429CC-E07A-41AD-817D-B3F43A97F0DE}.Debug|Any CPU.Build.0 = Debug|Any CPU
		{DD5429CC-E07A-41AD-817D-B3F43A97F0DE}.Release|Any CPU.ActiveCfg = Release|Any CPU
		{DD5429CC-E07A-41AD-817D-B3F43A97F0DE}.Release|Any CPU.Build.0 = Release|Any CPU
		{37FEBCAF-2A68-4148-BAE7-3EF2967AD990}.Debug|Any CPU.ActiveCfg = Debug|Any CPU
		{37FEBCAF-2A68-4148-BAE7-3EF2967AD990}.Debug|Any CPU.Build.0 = Debug|Any CPU
		{37FEBCAF-2A68-4148-BAE7-3EF2967AD990}.Release|Any CPU.ActiveCfg = Release|Any CPU
		{37FEBCAF-2A68-4148-BAE7-3EF2967AD990}.Release|Any CPU.Build.0 = Release|Any CPU
	EndGlobalSection
	GlobalSection(SolutionProperties) = preSolution
		HideSolutionNode = FALSE
	EndGlobalSection
	GlobalSection(ExtensibilityGlobals) = postSolution
		SolutionGuid = {5D6CC095-5D25-4C04-9015-56A7D89D15FB}
	EndGlobalSection
EndGlobal
